{
  "version": 4,
  "terraform_version": "1.5.5",
  "serial": 5,
  "lineage": "6f14d844-513b-dc60-ee2e-da73e9a7caf2",
  "outputs": {},
  "resources": [
    {
      "mode": "managed",
      "type": "google_cloudbuild_trigger",
      "name": "filename-trigger",
      "provider": "provider[\"registry.terraform.io/hashicorp/google\"]",
      "instances": [
        {
          "schema_version": 2,
          "attributes": {
            "approval_config": [
              {
                "approval_required": false
              }
            ],
            "bitbucket_server_trigger_config": [],
            "build": [],
            "create_time": "2023-11-27T22:04:29.858509434Z",
            "description": "",
            "disabled": false,
            "filename": "scripts/cloudbuild.yaml",
            "filter": "",
            "git_file_source": [],
            "github": [],
            "id": "projects/cloudbuild-386914/locations/us-central1/triggers/77e1f87b-2f03-4380-baa7-ab74965485e1",
            "ignored_files": [],
            "include_build_logs": "",
            "included_files": [],
            "location": "us-central1",
            "name": "trigger",
            "project": "cloudbuild-386914",
            "pubsub_config": [],
            "repository_event_config": [],
            "service_account": "",
            "source_to_build": [],
            "substitutions": {},
            "tags": [],
            "timeouts": null,
            "trigger_id": "77e1f87b-2f03-4380-baa7-ab74965485e1",
            "trigger_template": [
              {
                "branch_name": "main",
                "commit_sha": "",
                "dir": "",
                "invert_regex": false,
                "project_id": "cloudbuild-386914",
                "repo_name": "mammenarjun2/testcloudbuild",
                "tag_name": ""
              }
            ],
            "webhook_config": []
          },
          "sensitive_attributes": [],
          "private": "eyJlMmJmYjczMC1lY2FhLTExZTYtOGY4OC0zNDM2M2JjN2M0YzAiOnsiY3JlYXRlIjoxMjAwMDAwMDAwMDAwLCJkZWxldGUiOjEyMDAwMDAwMDAwMDAsInVwZGF0ZSI6MTIwMDAwMDAwMDAwMH0sInNjaGVtYV92ZXJzaW9uIjoiMiJ9"
        }
      ]
    }
  ],
  "check_results": null
}
